
Microsoft Visual Studio Solution File, Format Version 12.00
# Visual Studio Version 16
VisualStudioVersion = 16.0.31321.278
MinimumVisualStudioVersion = 10.0.40219.1
Project("{FAE04EC0-301F-11D3-BF4B-00C04F79EFBC}") = "ConsoleAppCSharpRefresh", "ConsoleAppCSharpRefresh.csproj", "{A6D6B4EA-6A95-404C-8738-5ABD6169E9D0}"
EndProject
Global
	GlobalSection(SolutionConfigurationPlatforms) = preSolution
		Debug|Any CPU = Debug|Any CPU
		Release|Any CPU = Release|Any CPU
	EndGlobalSection
	GlobalSection(ProjectConfigurationPlatforms) = postSolution
		{A6D6B4EA-6A95-404C-8738-5ABD6169E9D0}.Debug|Any CPU.ActiveCfg = Debug|Any CPU
		{A6D6B4EA-6A95-404C-8738-5ABD6169E9D0}.Debug|Any CPU.Build.0 = Debug|Any CPU
		{A6D6B4EA-6A95-404C-8738-5ABD6169E9D0}.Release|Any CPU.ActiveCfg = Release|Any CPU
		{A6D6B4EA-6A95-404C-8738-5ABD6169E9D0}.Release|Any CPU.Build.0 = Release|Any CPU
	EndGlobalSection
	GlobalSection(SolutionProperties) = preSolution
		HideSolutionNode = FALSE
	EndGlobalSection
	GlobalSection(ExtensibilityGlobals) = postSolution
		SolutionGuid = {0CBE01CE-56D4-463D-ABE9-DD0B68872421}
	EndGlobalSection
EndGlobal
